// !$*UTF8*$!
{
	archiveVersion = 1;
	classes = {
	};
	objectVersion = 56;
	objects = {

/* Begin PBXBuildFile section */
		F0BF02282C40135B003C8AD9 /* InforAppsApp.swift in Sources */ = {isa = PBXBuildFile; fileRef = F0BF02272C40135B003C8AD9 /* InforAppsApp.swift */; };
		F0BF022A2C40135B003C8AD9 /* HomeView.swift in Sources */ = {isa = PBXBuildFile; fileRef = F0BF02292C40135B003C8AD9 /* HomeView.swift */; };
		F0BF022C2C40135D003C8AD9 /* Assets.xcassets in Resources */ = {isa = PBXBuildFile; fileRef = F0BF022B2C40135D003C8AD9 /* Assets.xcassets */; };
		F0BF022F2C40135D003C8AD9 /* Preview Assets.xcassets in Resources */ = {isa = PBXBuildFile; fileRef = F0BF022E2C40135D003C8AD9 /* Preview Assets.xcassets */; };
		F0BF023E2C401A1D003C8AD9 /* Model.swift in Sources */ = {isa = PBXBuildFile; fileRef = F0BF023D2C401A1D003C8AD9 /* Model.swift */; };
		F0BF02702C4025B1003C8AD9 /* CommentEntity+CoreDataClass.swift in Sources */ = {isa = PBXBuildFile; fileRef = F0BF02642C4025B1003C8AD9 /* CommentEntity+CoreDataClass.swift */; };
		F0BF02712C4025B1003C8AD9 /* CommentEntity+CoreDataProperties.swift in Sources */ = {isa = PBXBuildFile; fileRef = F0BF02652C4025B1003C8AD9 /* CommentEntity+CoreDataProperties.swift */; };
		F0BF02722C4025B1003C8AD9 /* UserEntity+CoreDataClass.swift in Sources */ = {isa = PBXBuildFile; fileRef = F0BF02662C4025B1003C8AD9 /* UserEntity+CoreDataClass.swift */; };
		F0BF02732C4025B1003C8AD9 /* UserEntity+CoreDataProperties.swift in Sources */ = {isa = PBXBuildFile; fileRef = F0BF02672C4025B1003C8AD9 /* UserEntity+CoreDataProperties.swift */; };
		F0BF02742C4025B1003C8AD9 /* CompanyEntity+CoreDataClass.swift in Sources */ = {isa = PBXBuildFile; fileRef = F0BF02682C4025B1003C8AD9 /* CompanyEntity+CoreDataClass.swift */; };
		F0BF02752C4025B1003C8AD9 /* CompanyEntity+CoreDataProperties.swift in Sources */ = {isa = PBXBuildFile; fileRef = F0BF02692C4025B1003C8AD9 /* CompanyEntity+CoreDataProperties.swift */; };
		F0BF02762C4025B1003C8AD9 /* PostEntity+CoreDataClass.swift in Sources */ = {isa = PBXBuildFile; fileRef = F0BF026A2C4025B1003C8AD9 /* PostEntity+CoreDataClass.swift */; };
		F0BF02772C4025B1003C8AD9 /* PostEntity+CoreDataProperties.swift in Sources */ = {isa = PBXBuildFile; fileRef = F0BF026B2C4025B1003C8AD9 /* PostEntity+CoreDataProperties.swift */; };
		F0BF02782C4025B1003C8AD9 /* GeoEntity+CoreDataClass.swift in Sources */ = {isa = PBXBuildFile; fileRef = F0BF026C2C4025B1003C8AD9 /* GeoEntity+CoreDataClass.swift */; };
		F0BF02792C4025B1003C8AD9 /* GeoEntity+CoreDataProperties.swift in Sources */ = {isa = PBXBuildFile; fileRef = F0BF026D2C4025B1003C8AD9 /* GeoEntity+CoreDataProperties.swift */; };
		F0BF027A2C4025B1003C8AD9 /* AddressEntity+CoreDataClass.swift in Sources */ = {isa = PBXBuildFile; fileRef = F0BF026E2C4025B1003C8AD9 /* AddressEntity+CoreDataClass.swift */; };
		F0BF027B2C4025B1003C8AD9 /* AddressEntity+CoreDataProperties.swift in Sources */ = {isa = PBXBuildFile; fileRef = F0BF026F2C4025B1003C8AD9 /* AddressEntity+CoreDataProperties.swift */; };
		F0BF02862C407444003C8AD9 /* NetworkService.swift in Sources */ = {isa = PBXBuildFile; fileRef = F0BF02852C407444003C8AD9 /* NetworkService.swift */; };
		F0BF02882C40746A003C8AD9 /* CoreDataService.swift in Sources */ = {isa = PBXBuildFile; fileRef = F0BF02872C40746A003C8AD9 /* CoreDataService.swift */; };
		F0BF028B2C4074B4003C8AD9 /* SplashScreen.swift in Sources */ = {isa = PBXBuildFile; fileRef = F0BF028A2C4074B4003C8AD9 /* SplashScreen.swift */; };
		F0BF028F2C40846A003C8AD9 /* DetailView.swift in Sources */ = {isa = PBXBuildFile; fileRef = F0BF028E2C40846A003C8AD9 /* DetailView.swift */; };
		F0BF02922C410E17003C8AD9 /* Labels.swift in Sources */ = {isa = PBXBuildFile; fileRef = F0BF02912C410E17003C8AD9 /* Labels.swift */; };
		F0BF02932C411A99003C8AD9 /* InforApps.xcdatamodeld in Sources */ = {isa = PBXBuildFile; fileRef = F0BF02322C40135D003C8AD9 /* InforApps.xcdatamodeld */; };
		F0BF02952C411E50003C8AD9 /* Buttons.swift in Sources */ = {isa = PBXBuildFile; fileRef = F0BF02942C411E50003C8AD9 /* Buttons.swift */; };
		F0BF02972C41250E003C8AD9 /* SplashViewModel.swift in Sources */ = {isa = PBXBuildFile; fileRef = F0BF02962C41250E003C8AD9 /* SplashViewModel.swift */; };
		F0BF029D2C41259E003C8AD9 /* DetailViewModel.swift in Sources */ = {isa = PBXBuildFile; fileRef = F0BF029C2C41259E003C8AD9 /* DetailViewModel.swift */; };
		F0BF02A02C4127E3003C8AD9 /* Localizable.xcstrings in Resources */ = {isa = PBXBuildFile; fileRef = F0BF029F2C4127E3003C8AD9 /* Localizable.xcstrings */; };
		F0BF02A72C413038003C8AD9 /* WebView.swift in Sources */ = {isa = PBXBuildFile; fileRef = F0BF02A62C413038003C8AD9 /* WebView.swift */; };
		F0BF02A92C4136E6003C8AD9 /* MapView.swift in Sources */ = {isa = PBXBuildFile; fileRef = F0BF02A82C4136E6003C8AD9 /* MapView.swift */; };
		F0BF02AB2C4140DA003C8AD9 /* MapViewModel.swift in Sources */ = {isa = PBXBuildFile; fileRef = F0BF02AA2C4140DA003C8AD9 /* MapViewModel.swift */; };
		F0BF02AD2C414AA4003C8AD9 /* ToolBar.swift in Sources */ = {isa = PBXBuildFile; fileRef = F0BF02AC2C414AA4003C8AD9 /* ToolBar.swift */; };
/* End PBXBuildFile section */

/* Begin PBXFileReference section */
		F0BF02242C40135B003C8AD9 /* InforApps.app */ = {isa = PBXFileReference; explicitFileType = wrapper.application; includeInIndex = 0; path = InforApps.app; sourceTree = BUILT_PRODUCTS_DIR; };
		F0BF02272C40135B003C8AD9 /* InforAppsApp.swift */ = {isa = PBXFileReference; lastKnownFileType = sourcecode.swift; path = InforAppsApp.swift; sourceTree = "<group>"; };
		F0BF02292C40135B003C8AD9 /* HomeView.swift */ = {isa = PBXFileReference; lastKnownFileType = sourcecode.swift; path = HomeView.swift; sourceTree = "<group>"; };
		F0BF022B2C40135D003C8AD9 /* Assets.xcassets */ = {isa = PBXFileReference; lastKnownFileType = folder.assetcatalog; path = Assets.xcassets; sourceTree = "<group>"; };
		F0BF022E2C40135D003C8AD9 /* Preview Assets.xcassets */ = {isa = PBXFileReference; lastKnownFileType = folder.assetcatalog; path = "Preview Assets.xcassets"; sourceTree = "<group>"; };
		F0BF02332C40135D003C8AD9 /* InforApps.xcdatamodel */ = {isa = PBXFileReference; lastKnownFileType = wrapper.xcdatamodel; path = InforApps.xcdatamodel; sourceTree = "<group>"; };
		F0BF023D2C401A1D003C8AD9 /* Model.swift */ = {isa = PBXFileReference; lastKnownFileType = sourcecode.swift; path = Model.swift; sourceTree = "<group>"; };
		F0BF02642C4025B1003C8AD9 /* CommentEntity+CoreDataClass.swift */ = {isa = PBXFileReference; lastKnownFileType = sourcecode.swift; path = "CommentEntity+CoreDataClass.swift"; sourceTree = "<group>"; };
		F0BF02652C4025B1003C8AD9 /* CommentEntity+CoreDataProperties.swift */ = {isa = PBXFileReference; lastKnownFileType = sourcecode.swift; path = "CommentEntity+CoreDataProperties.swift"; sourceTree = "<group>"; };
		F0BF02662C4025B1003C8AD9 /* UserEntity+CoreDataClass.swift */ = {isa = PBXFileReference; lastKnownFileType = sourcecode.swift; path = "UserEntity+CoreDataClass.swift"; sourceTree = "<group>"; };
		F0BF02672C4025B1003C8AD9 /* UserEntity+CoreDataProperties.swift */ = {isa = PBXFileReference; lastKnownFileType = sourcecode.swift; path = "UserEntity+CoreDataProperties.swift"; sourceTree = "<group>"; };
		F0BF02682C4025B1003C8AD9 /* CompanyEntity+CoreDataClass.swift */ = {isa = PBXFileReference; lastKnownFileType = sourcecode.swift; path = "CompanyEntity+CoreDataClass.swift"; sourceTree = "<group>"; };
		F0BF02692C4025B1003C8AD9 /* CompanyEntity+CoreDataProperties.swift */ = {isa = PBXFileReference; lastKnownFileType = sourcecode.swift; path = "CompanyEntity+CoreDataProperties.swift"; sourceTree = "<group>"; };
		F0BF026A2C4025B1003C8AD9 /* PostEntity+CoreDataClass.swift */ = {isa = PBXFileReference; lastKnownFileType = sourcecode.swift; path = "PostEntity+CoreDataClass.swift"; sourceTree = "<group>"; };
		F0BF026B2C4025B1003C8AD9 /* PostEntity+CoreDataProperties.swift */ = {isa = PBXFileReference; lastKnownFileType = sourcecode.swift; path = "PostEntity+CoreDataProperties.swift"; sourceTree = "<group>"; };
		F0BF026C2C4025B1003C8AD9 /* GeoEntity+CoreDataClass.swift */ = {isa = PBXFileReference; lastKnownFileType = sourcecode.swift; path = "GeoEntity+CoreDataClass.swift"; sourceTree = "<group>"; };
		F0BF026D2C4025B1003C8AD9 /* GeoEntity+CoreDataProperties.swift */ = {isa = PBXFileReference; lastKnownFileType = sourcecode.swift; path = "GeoEntity+CoreDataProperties.swift"; sourceTree = "<group>"; };
		F0BF026E2C4025B1003C8AD9 /* AddressEntity+CoreDataClass.swift */ = {isa = PBXFileReference; lastKnownFileType = sourcecode.swift; path = "AddressEntity+CoreDataClass.swift"; sourceTree = "<group>"; };
		F0BF026F2C4025B1003C8AD9 /* AddressEntity+CoreDataProperties.swift */ = {isa = PBXFileReference; lastKnownFileType = sourcecode.swift; path = "AddressEntity+CoreDataProperties.swift"; sourceTree = "<group>"; };
		F0BF02852C407444003C8AD9 /* NetworkService.swift */ = {isa = PBXFileReference; lastKnownFileType = sourcecode.swift; path = NetworkService.swift; sourceTree = "<group>"; };
		F0BF02872C40746A003C8AD9 /* CoreDataService.swift */ = {isa = PBXFileReference; lastKnownFileType = sourcecode.swift; path = CoreDataService.swift; sourceTree = "<group>"; };
		F0BF028A2C4074B4003C8AD9 /* SplashScreen.swift */ = {isa = PBXFileReference; lastKnownFileType = sourcecode.swift; path = SplashScreen.swift; sourceTree = "<group>"; };
		F0BF028E2C40846A003C8AD9 /* DetailView.swift */ = {isa = PBXFileReference; lastKnownFileType = sourcecode.swift; path = DetailView.swift; sourceTree = "<group>"; };
		F0BF02912C410E17003C8AD9 /* Labels.swift */ = {isa = PBXFileReference; lastKnownFileType = sourcecode.swift; path = Labels.swift; sourceTree = "<group>"; };
		F0BF02942C411E50003C8AD9 /* Buttons.swift */ = {isa = PBXFileReference; lastKnownFileType = sourcecode.swift; path = Buttons.swift; sourceTree = "<group>"; };
		F0BF02962C41250E003C8AD9 /* SplashViewModel.swift */ = {isa = PBXFileReference; lastKnownFileType = sourcecode.swift; path = SplashViewModel.swift; sourceTree = "<group>"; };
		F0BF029C2C41259E003C8AD9 /* DetailViewModel.swift */ = {isa = PBXFileReference; lastKnownFileType = sourcecode.swift; path = DetailViewModel.swift; sourceTree = "<group>"; };
		F0BF029F2C4127E3003C8AD9 /* Localizable.xcstrings */ = {isa = PBXFileReference; lastKnownFileType = text.json.xcstrings; path = Localizable.xcstrings; sourceTree = "<group>"; };
		F0BF02A62C413038003C8AD9 /* WebView.swift */ = {isa = PBXFileReference; lastKnownFileType = sourcecode.swift; path = WebView.swift; sourceTree = "<group>"; };
		F0BF02A82C4136E6003C8AD9 /* MapView.swift */ = {isa = PBXFileReference; lastKnownFileType = sourcecode.swift; path = MapView.swift; sourceTree = "<group>"; };
		F0BF02AA2C4140DA003C8AD9 /* MapViewModel.swift */ = {isa = PBXFileReference; lastKnownFileType = sourcecode.swift; path = MapViewModel.swift; sourceTree = "<group>"; };
		F0BF02AC2C414AA4003C8AD9 /* ToolBar.swift */ = {isa = PBXFileReference; lastKnownFileType = sourcecode.swift; path = ToolBar.swift; sourceTree = "<group>"; };
/* End PBXFileReference section */

/* Begin PBXFrameworksBuildPhase section */
		F0BF02212C40135B003C8AD9 /* Frameworks */ = {
			isa = PBXFrameworksBuildPhase;
			buildActionMask = 2147483647;
			files = (
			);
			runOnlyForDeploymentPostprocessing = 0;
		};
/* End PBXFrameworksBuildPhase section */

/* Begin PBXGroup section */
		F0BF021B2C40135B003C8AD9 = {
			isa = PBXGroup;
			children = (
				F0BF025B2C402056003C8AD9 /* CoreDataClass */,
				F0BF02262C40135B003C8AD9 /* InforApps */,
				F0BF02252C40135B003C8AD9 /* Products */,
			);
			sourceTree = "<group>";
		};
		F0BF02252C40135B003C8AD9 /* Products */ = {
			isa = PBXGroup;
			children = (
				F0BF02242C40135B003C8AD9 /* InforApps.app */,
			);
			name = Products;
			sourceTree = "<group>";
		};
		F0BF02262C40135B003C8AD9 /* InforApps */ = {
			isa = PBXGroup;
			children = (
				F0BF029E2C4127CC003C8AD9 /* Resources */,
				F0BF02902C410DF4003C8AD9 /* Elements */,
				F0BF02322C40135D003C8AD9 /* InforApps.xcdatamodeld */,
				F0BF02272C40135B003C8AD9 /* InforAppsApp.swift */,
				F0BF022B2C40135D003C8AD9 /* Assets.xcassets */,
				F0BF02842C40742A003C8AD9 /* Network */,
				F0BF023A2C4019CA003C8AD9 /* Model */,
				F0BF02812C403A77003C8AD9 /* ViewModel */,
				F0BF02892C4074A7003C8AD9 /* Screens */,
				F0BF022D2C40135D003C8AD9 /* Preview Content */,
			);
			path = InforApps;
			sourceTree = "<group>";
		};
		F0BF022D2C40135D003C8AD9 /* Preview Content */ = {
			isa = PBXGroup;
			children = (
				F0BF022E2C40135D003C8AD9 /* Preview Assets.xcassets */,
			);
			path = "Preview Content";
			sourceTree = "<group>";
		};
		F0BF023A2C4019CA003C8AD9 /* Model */ = {
			isa = PBXGroup;
			children = (
				F0BF023D2C401A1D003C8AD9 /* Model.swift */,
			);
			path = Model;
			sourceTree = "<group>";
		};
		F0BF025B2C402056003C8AD9 /* CoreDataClass */ = {
			isa = PBXGroup;
			children = (
				F0BF02652C4025B1003C8AD9 /* CommentEntity+CoreDataProperties.swift */,
				F0BF02642C4025B1003C8AD9 /* CommentEntity+CoreDataClass.swift */,
				F0BF02662C4025B1003C8AD9 /* UserEntity+CoreDataClass.swift */,
				F0BF02672C4025B1003C8AD9 /* UserEntity+CoreDataProperties.swift */,
				F0BF02682C4025B1003C8AD9 /* CompanyEntity+CoreDataClass.swift */,
				F0BF02692C4025B1003C8AD9 /* CompanyEntity+CoreDataProperties.swift */,
				F0BF026A2C4025B1003C8AD9 /* PostEntity+CoreDataClass.swift */,
				F0BF026B2C4025B1003C8AD9 /* PostEntity+CoreDataProperties.swift */,
				F0BF026C2C4025B1003C8AD9 /* GeoEntity+CoreDataClass.swift */,
				F0BF026D2C4025B1003C8AD9 /* GeoEntity+CoreDataProperties.swift */,
				F0BF026E2C4025B1003C8AD9 /* AddressEntity+CoreDataClass.swift */,
				F0BF026F2C4025B1003C8AD9 /* AddressEntity+CoreDataProperties.swift */,
			);
			path = CoreDataClass;
			sourceTree = "<group>";
		};
		F0BF02812C403A77003C8AD9 /* ViewModel */ = {
			isa = PBXGroup;
			children = (
				F0BF02962C41250E003C8AD9 /* SplashViewModel.swift */,
				F0BF029C2C41259E003C8AD9 /* DetailViewModel.swift */,
				F0BF02AA2C4140DA003C8AD9 /* MapViewModel.swift */,
			);
			path = ViewModel;
			sourceTree = "<group>";
		};
		F0BF02842C40742A003C8AD9 /* Network */ = {
			isa = PBXGroup;
			children = (
				F0BF02852C407444003C8AD9 /* NetworkService.swift */,
				F0BF02872C40746A003C8AD9 /* CoreDataService.swift */,
			);
			path = Network;
			sourceTree = "<group>";
		};
		F0BF02892C4074A7003C8AD9 /* Screens */ = {
			isa = PBXGroup;
			children = (
				F0BF02292C40135B003C8AD9 /* HomeView.swift */,
				F0BF028A2C4074B4003C8AD9 /* SplashScreen.swift */,
				F0BF028E2C40846A003C8AD9 /* DetailView.swift */,
				F0BF02A62C413038003C8AD9 /* WebView.swift */,
				F0BF02A82C4136E6003C8AD9 /* MapView.swift */,
			);
			path = Screens;
			sourceTree = "<group>";
		};
		F0BF02902C410DF4003C8AD9 /* Elements */ = {
			isa = PBXGroup;
			children = (
				F0BF02912C410E17003C8AD9 /* Labels.swift */,
				F0BF02942C411E50003C8AD9 /* Buttons.swift */,
				F0BF02AC2C414AA4003C8AD9 /* ToolBar.swift */,
			);
			path = Elements;
			sourceTree = "<group>";
		};
		F0BF029E2C4127CC003C8AD9 /* Resources */ = {
			isa = PBXGroup;
			children = (
				F0BF029F2C4127E3003C8AD9 /* Localizable.xcstrings */,
			);
			path = Resources;
			sourceTree = "<group>";
		};
/* End PBXGroup section */

/* Begin PBXNativeTarget section */
		F0BF02232C40135B003C8AD9 /* InforApps */ = {
			isa = PBXNativeTarget;
			buildConfigurationList = F0BF02372C40135D003C8AD9 /* Build configuration list for PBXNativeTarget "InforApps" */;
			buildPhases = (
				F0BF02202C40135B003C8AD9 /* Sources */,
				F0BF02212C40135B003C8AD9 /* Frameworks */,
				F0BF02222C40135B003C8AD9 /* Resources */,
			);
			buildRules = (
			);
			dependencies = (
			);
			name = InforApps;
			packageProductDependencies = (
			);
			productName = InforApps;
			productReference = F0BF02242C40135B003C8AD9 /* InforApps.app */;
			productType = "com.apple.product-type.application";
		};
/* End PBXNativeTarget section */

/* Begin PBXProject section */
		F0BF021C2C40135B003C8AD9 /* Project object */ = {
			isa = PBXProject;
			attributes = {
				BuildIndependentTargetsInParallel = 1;
				LastSwiftUpdateCheck = 1500;
				LastUpgradeCheck = 1500;
				TargetAttributes = {
					F0BF02232C40135B003C8AD9 = {
						CreatedOnToolsVersion = 15.0;
					};
				};
			};
			buildConfigurationList = F0BF021F2C40135B003C8AD9 /* Build configuration list for PBXProject "InforApps" */;
			compatibilityVersion = "Xcode 14.0";
			developmentRegion = en;
			hasScannedForEncodings = 0;
			knownRegions = (
				en,
				Base,
			);
			mainGroup = F0BF021B2C40135B003C8AD9;
			packageReferences = (
			);
			productRefGroup = F0BF02252C40135B003C8AD9 /* Products */;
			projectDirPath = "";
			projectRoot = "";
			targets = (
				F0BF02232C40135B003C8AD9 /* InforApps */,
			);
		};
/* End PBXProject section */

/* Begin PBXResourcesBuildPhase section */
		F0BF02222C40135B003C8AD9 /* Resources */ = {
			isa = PBXResourcesBuildPhase;
			buildActionMask = 2147483647;
			files = (
				F0BF022F2C40135D003C8AD9 /* Preview Assets.xcassets in Resources */,
				F0BF022C2C40135D003C8AD9 /* Assets.xcassets in Resources */,
				F0BF02A02C4127E3003C8AD9 /* Localizable.xcstrings in Resources */,
			);
			runOnlyForDeploymentPostprocessing = 0;
		};
/* End PBXResourcesBuildPhase section */

/* Begin PBXSourcesBuildPhase section */
		F0BF02202C40135B003C8AD9 /* Sources */ = {
			isa = PBXSourcesBuildPhase;
			buildActionMask = 2147483647;
			files = (
				F0BF027B2C4025B1003C8AD9 /* AddressEntity+CoreDataProperties.swift in Sources */,
				F0BF02762C4025B1003C8AD9 /* PostEntity+CoreDataClass.swift in Sources */,
				F0BF02702C4025B1003C8AD9 /* CommentEntity+CoreDataClass.swift in Sources */,
				F0BF02882C40746A003C8AD9 /* CoreDataService.swift in Sources */,
				F0BF02752C4025B1003C8AD9 /* CompanyEntity+CoreDataProperties.swift in Sources */,
				F0BF02A72C413038003C8AD9 /* WebView.swift in Sources */,
				F0BF02722C4025B1003C8AD9 /* UserEntity+CoreDataClass.swift in Sources */,
				F0BF02A92C4136E6003C8AD9 /* MapView.swift in Sources */,
				F0BF02742C4025B1003C8AD9 /* CompanyEntity+CoreDataClass.swift in Sources */,
				F0BF02712C4025B1003C8AD9 /* CommentEntity+CoreDataProperties.swift in Sources */,
				F0BF028B2C4074B4003C8AD9 /* SplashScreen.swift in Sources */,
				F0BF02AD2C414AA4003C8AD9 /* ToolBar.swift in Sources */,
				F0BF02AB2C4140DA003C8AD9 /* MapViewModel.swift in Sources */,
				F0BF02922C410E17003C8AD9 /* Labels.swift in Sources */,
				F0BF028F2C40846A003C8AD9 /* DetailView.swift in Sources */,
				F0BF02952C411E50003C8AD9 /* Buttons.swift in Sources */,
				F0BF02732C4025B1003C8AD9 /* UserEntity+CoreDataProperties.swift in Sources */,
				F0BF029D2C41259E003C8AD9 /* DetailViewModel.swift in Sources */,
				F0BF027A2C4025B1003C8AD9 /* AddressEntity+CoreDataClass.swift in Sources */,
				F0BF02932C411A99003C8AD9 /* InforApps.xcdatamodeld in Sources */,
				F0BF022A2C40135B003C8AD9 /* HomeView.swift in Sources */,
				F0BF02782C4025B1003C8AD9 /* GeoEntity+CoreDataClass.swift in Sources */,
				F0BF02282C40135B003C8AD9 /* InforAppsApp.swift in Sources */,
				F0BF02972C41250E003C8AD9 /* SplashViewModel.swift in Sources */,
				F0BF02862C407444003C8AD9 /* NetworkService.swift in Sources */,
				F0BF02792C4025B1003C8AD9 /* GeoEntity+CoreDataProperties.swift in Sources */,
				F0BF02772C4025B1003C8AD9 /* PostEntity+CoreDataProperties.swift in Sources */,
				F0BF023E2C401A1D003C8AD9 /* Model.swift in Sources */,
			);
			runOnlyForDeploymentPostprocessing = 0;
		};
/* End PBXSourcesBuildPhase section */

/* Begin XCBuildConfiguration section */
		F0BF02352C40135D003C8AD9 /* Debug */ = {
			isa = XCBuildConfiguration;
			buildSettings = {
				ALWAYS_SEARCH_USER_PATHS = NO;
				ASSETCATALOG_COMPILER_GENERATE_SWIFT_ASSET_SYMBOL_EXTENSIONS = YES;
				CLANG_ANALYZER_NONNULL = YES;
				CLANG_ANALYZER_NUMBER_OBJECT_CONVERSION = YES_AGGRESSIVE;
				CLANG_CXX_LANGUAGE_STANDARD = "gnu++20";
				CLANG_ENABLE_MODULES = YES;
				CLANG_ENABLE_OBJC_ARC = YES;
				CLANG_ENABLE_OBJC_WEAK = YES;
				CLANG_WARN_BLOCK_CAPTURE_AUTORELEASING = YES;
				CLANG_WARN_BOOL_CONVERSION = YES;
				CLANG_WARN_COMMA = YES;
				CLANG_WARN_CONSTANT_CONVERSION = YES;
				CLANG_WARN_DEPRECATED_OBJC_IMPLEMENTATIONS = YES;
				CLANG_WARN_DIRECT_OBJC_ISA_USAGE = YES_ERROR;
				CLANG_WARN_DOCUMENTATION_COMMENTS = YES;
				CLANG_WARN_EMPTY_BODY = YES;
				CLANG_WARN_ENUM_CONVERSION = YES;
				CLANG_WARN_INFINITE_RECURSION = YES;
				CLANG_WARN_INT_CONVERSION = YES;
				CLANG_WARN_NON_LITERAL_NULL_CONVERSION = YES;
				CLANG_WARN_OBJC_IMPLICIT_RETAIN_SELF = YES;
				CLANG_WARN_OBJC_LITERAL_CONVERSION = YES;
				CLANG_WARN_OBJC_ROOT_CLASS = YES_ERROR;
				CLANG_WARN_QUOTED_INCLUDE_IN_FRAMEWORK_HEADER = YES;
				CLANG_WARN_RANGE_LOOP_ANALYSIS = YES;
				CLANG_WARN_STRICT_PROTOTYPES = YES;
				CLANG_WARN_SUSPICIOUS_MOVE = YES;
				CLANG_WARN_UNGUARDED_AVAILABILITY = YES_AGGRESSIVE;
				CLANG_WARN_UNREACHABLE_CODE = YES;
				CLANG_WARN__DUPLICATE_METHOD_MATCH = YES;
				COPY_PHASE_STRIP = NO;
				DEBUG_INFORMATION_FORMAT = dwarf;
				ENABLE_STRICT_OBJC_MSGSEND = YES;
				ENABLE_TESTABILITY = YES;
				ENABLE_USER_SCRIPT_SANDBOXING = YES;
				GCC_C_LANGUAGE_STANDARD = gnu17;
				GCC_DYNAMIC_NO_PIC = NO;
				GCC_NO_COMMON_BLOCKS = YES;
				GCC_OPTIMIZATION_LEVEL = 0;
				GCC_PREPROCESSOR_DEFINITIONS = (
					"DEBUG=1",
					"$(inherited)",
				);
				GCC_WARN_64_TO_32_BIT_CONVERSION = YES;
				GCC_WARN_ABOUT_RETURN_TYPE = YES_ERROR;
				GCC_WARN_UNDECLARED_SELECTOR = YES;
				GCC_WARN_UNINITIALIZED_AUTOS = YES_AGGRESSIVE;
				GCC_WARN_UNUSED_FUNCTION = YES;
				GCC_WARN_UNUSED_VARIABLE = YES;
				IPHONEOS_DEPLOYMENT_TARGET = 16.0;
				LOCALIZATION_PREFERS_STRING_CATALOGS = YES;
				MTL_ENABLE_DEBUG_INFO = INCLUDE_SOURCE;
				MTL_FAST_MATH = YES;
				ONLY_ACTIVE_ARCH = YES;
				SDKROOT = iphoneos;
				SWIFT_ACTIVE_COMPILATION_CONDITIONS = "DEBUG $(inherited)";
				SWIFT_OPTIMIZATION_LEVEL = "-Onone";
			};
			name = Debug;
		};
		F0BF02362C40135D003C8AD9 /* Release */ = {
			isa = XCBuildConfiguration;
			buildSettings = {
				ALWAYS_SEARCH_USER_PATHS = NO;
				ASSETCATALOG_COMPILER_GENERATE_SWIFT_ASSET_SYMBOL_EXTENSIONS = YES;
				CLANG_ANALYZER_NONNULL = YES;
				CLANG_ANALYZER_NUMBER_OBJECT_CONVERSION = YES_AGGRESSIVE;
				CLANG_CXX_LANGUAGE_STANDARD = "gnu++20";
				CLANG_ENABLE_MODULES = YES;
				CLANG_ENABLE_OBJC_ARC = YES;
				CLANG_ENABLE_OBJC_WEAK = YES;
				CLANG_WARN_BLOCK_CAPTURE_AUTORELEASING = YES;
				CLANG_WARN_BOOL_CONVERSION = YES;
				CLANG_WARN_COMMA = YES;
				CLANG_WARN_CONSTANT_CONVERSION = YES;
				CLANG_WARN_DEPRECATED_OBJC_IMPLEMENTATIONS = YES;
				CLANG_WARN_DIRECT_OBJC_ISA_USAGE = YES_ERROR;
				CLANG_WARN_DOCUMENTATION_COMMENTS = YES;
				CLANG_WARN_EMPTY_BODY = YES;
				CLANG_WARN_ENUM_CONVERSION = YES;
				CLANG_WARN_INFINITE_RECURSION = YES;
				CLANG_WARN_INT_CONVERSION = YES;
				CLANG_WARN_NON_LITERAL_NULL_CONVERSION = YES;
				CLANG_WARN_OBJC_IMPLICIT_RETAIN_SELF = YES;
				CLANG_WARN_OBJC_LITERAL_CONVERSION = YES;
				CLANG_WARN_OBJC_ROOT_CLASS = YES_ERROR;
				CLANG_WARN_QUOTED_INCLUDE_IN_FRAMEWORK_HEADER = YES;
				CLANG_WARN_RANGE_LOOP_ANALYSIS = YES;
				CLANG_WARN_STRICT_PROTOTYPES = YES;
				CLANG_WARN_SUSPICIOUS_MOVE = YES;
				CLANG_WARN_UNGUARDED_AVAILABILITY = YES_AGGRESSIVE;
				CLANG_WARN_UNREACHABLE_CODE = YES;
				CLANG_WARN__DUPLICATE_METHOD_MATCH = YES;
				COPY_PHASE_STRIP = NO;
				DEBUG_INFORMATION_FORMAT = "dwarf-with-dsym";
				ENABLE_NS_ASSERTIONS = NO;
				ENABLE_STRICT_OBJC_MSGSEND = YES;
				ENABLE_USER_SCRIPT_SANDBOXING = YES;
				GCC_C_LANGUAGE_STANDARD = gnu17;
				GCC_NO_COMMON_BLOCKS = YES;
				GCC_WARN_64_TO_32_BIT_CONVERSION = YES;
				GCC_WARN_ABOUT_RETURN_TYPE = YES_ERROR;
				GCC_WARN_UNDECLARED_SELECTOR = YES;
				GCC_WARN_UNINITIALIZED_AUTOS = YES_AGGRESSIVE;
				GCC_WARN_UNUSED_FUNCTION = YES;
				GCC_WARN_UNUSED_VARIABLE = YES;
				IPHONEOS_DEPLOYMENT_TARGET = 16.0;
				LOCALIZATION_PREFERS_STRING_CATALOGS = YES;
				MTL_ENABLE_DEBUG_INFO = NO;
				MTL_FAST_MATH = YES;
				SDKROOT = iphoneos;
				SWIFT_COMPILATION_MODE = wholemodule;
				VALIDATE_PRODUCT = YES;
			};
			name = Release;
		};
		F0BF02382C40135D003C8AD9 /* Debug */ = {
			isa = XCBuildConfiguration;
			buildSettings = {
				ASSETCATALOG_COMPILER_APPICON_NAME = AppIcon;
				ASSETCATALOG_COMPILER_GLOBAL_ACCENT_COLOR_NAME = AccentColor;
				CODE_SIGN_STYLE = Automatic;
				CURRENT_PROJECT_VERSION = 1;
				DEVELOPMENT_ASSET_PATHS = "\"InforApps/Preview Content\"";
				DEVELOPMENT_TEAM = A53A9C9N74;
				ENABLE_PREVIEWS = YES;
				GENERATE_INFOPLIST_FILE = YES;
				INFOPLIST_KEY_UIApplicationSceneManifest_Generation = YES;
				INFOPLIST_KEY_UIApplicationSupportsIndirectInputEvents = YES;
				INFOPLIST_KEY_UILaunchScreen_Generation = YES;
				INFOPLIST_KEY_UISupportedInterfaceOrientations_iPad = "UIInterfaceOrientationPortrait UIInterfaceOrientationPortraitUpsideDown UIInterfaceOrientationLandscapeLeft UIInterfaceOrientationLandscapeRight";
				INFOPLIST_KEY_UISupportedInterfaceOrientations_iPhone = "UIInterfaceOrientationPortrait UIInterfaceOrientationLandscapeLeft UIInterfaceOrientationLandscapeRight";
				LD_RUNPATH_SEARCH_PATHS = (
					"$(inherited)",
					"@executable_path/Frameworks",
				);
				MARKETING_VERSION = 1.0;
				PRODUCT_BUNDLE_IDENTIFIER = com.rubenpicado.InforApps;
				PRODUCT_NAME = "$(TARGET_NAME)";
				SWIFT_EMIT_LOC_STRINGS = YES;
				SWIFT_VERSION = 5.0;
				TARGETED_DEVICE_FAMILY = "1,2";
			};
			name = Debug;
		};
		F0BF02392C40135D003C8AD9 /* Release */ = {
			isa = XCBuildConfiguration;
			buildSettings = {
				ASSETCATALOG_COMPILER_APPICON_NAME = AppIcon;
				ASSETCATALOG_COMPILER_GLOBAL_ACCENT_COLOR_NAME = AccentColor;
				CODE_SIGN_STYLE = Automatic;
				CURRENT_PROJECT_VERSION = 1;
				DEVELOPMENT_ASSET_PATHS = "\"InforApps/Preview Content\"";
				DEVELOPMENT_TEAM = A53A9C9N74;
				ENABLE_PREVIEWS = YES;
				GENERATE_INFOPLIST_FILE = YES;
				INFOPLIST_KEY_UIApplicationSceneManifest_Generation = YES;
				INFOPLIST_KEY_UIApplicationSupportsIndirectInputEvents = YES;
				INFOPLIST_KEY_UILaunchScreen_Generation = YES;
				INFOPLIST_KEY_UISupportedInterfaceOrientations_iPad = "UIInterfaceOrientationPortrait UIInterfaceOrientationPortraitUpsideDown UIInterfaceOrientationLandscapeLeft UIInterfaceOrientationLandscapeRight";
				INFOPLIST_KEY_UISupportedInterfaceOrientations_iPhone = "UIInterfaceOrientationPortrait UIInterfaceOrientationLandscapeLeft UIInterfaceOrientationLandscapeRight";
				LD_RUNPATH_SEARCH_PATHS = (
					"$(inherited)",
					"@executable_path/Frameworks",
				);
				MARKETING_VERSION = 1.0;
				PRODUCT_BUNDLE_IDENTIFIER = com.rubenpicado.InforApps;
				PRODUCT_NAME = "$(TARGET_NAME)";
				SWIFT_EMIT_LOC_STRINGS = YES;
				SWIFT_VERSION = 5.0;
				TARGETED_DEVICE_FAMILY = "1,2";
			};
			name = Release;
		};
/* End XCBuildConfiguration section */

/* Begin XCConfigurationList section */
		F0BF021F2C40135B003C8AD9 /* Build configuration list for PBXProject "InforApps" */ = {
			isa = XCConfigurationList;
			buildConfigurations = (
				F0BF02352C40135D003C8AD9 /* Debug */,
				F0BF02362C40135D003C8AD9 /* Release */,
			);
			defaultConfigurationIsVisible = 0;
			defaultConfigurationName = Release;
		};
		F0BF02372C40135D003C8AD9 /* Build configuration list for PBXNativeTarget "InforApps" */ = {
			isa = XCConfigurationList;
			buildConfigurations = (
				F0BF02382C40135D003C8AD9 /* Debug */,
				F0BF02392C40135D003C8AD9 /* Release */,
			);
			defaultConfigurationIsVisible = 0;
			defaultConfigurationName = Release;
		};
/* End XCConfigurationList section */

/* Begin XCVersionGroup section */
		F0BF02322C40135D003C8AD9 /* InforApps.xcdatamodeld */ = {
			isa = XCVersionGroup;
			children = (
				F0BF02332C40135D003C8AD9 /* InforApps.xcdatamodel */,
			);
			currentVersion = F0BF02332C40135D003C8AD9 /* InforApps.xcdatamodel */;
			path = InforApps.xcdatamodeld;
			sourceTree = "<group>";
			versionGroupType = wrapper.xcdatamodel;
		};
/* End XCVersionGroup section */
	};
	rootObject = F0BF021C2C40135B003C8AD9 /* Project object */;
}
